
Microsoft Visual Studio Solution File, Format Version 12.00
# Visual Studio Version 17
VisualStudioVersion = 17.0.31919.166
MinimumVisualStudioVersion = 10.0.40219.1
Project("{9A19103F-16F7-4668-BE54-9A1E7A4F7556}") = "MyFinance", "MyFinance\MyFinance.csproj", "{AEE3D9DD-DA04-43B2-A2C8-9DE416CE32B5}"
EndProject
Project("{2150E333-8FDC-42A3-9474-1A3956D46DE8}") = "Solution Items", "Solution Items", "{220B45AA-D89B-4461-B6DF-8B0EC112C371}"
	ProjectSection(SolutionItems) = preProject
		.editorconfig = .editorconfig
	EndProjectSection
EndProject
Global
	GlobalSection(SolutionConfigurationPlatforms) = preSolution
		Debug|Any CPU = Debug|Any CPU
		Release|Any CPU = Release|Any CPU
	EndGlobalSection
	GlobalSection(ProjectConfigurationPlatforms) = postSolution
		{AEE3D9DD-DA04-43B2-A2C8-9DE416CE32B5}.Debug|Any CPU.ActiveCfg = Debug|Any CPU
		{AEE3D9DD-DA04-43B2-A2C8-9DE416CE32B5}.Debug|Any CPU.Build.0 = Debug|Any CPU
		{AEE3D9DD-DA04-43B2-A2C8-9DE416CE32B5}.Release|Any CPU.ActiveCfg = Release|Any CPU
		{AEE3D9DD-DA04-43B2-A2C8-9DE416CE32B5}.Release|Any CPU.Build.0 = Release|Any CPU
	EndGlobalSection
	GlobalSection(SolutionProperties) = preSolution
		HideSolutionNode = FALSE
	EndGlobalSection
	GlobalSection(ExtensibilityGlobals) = postSolution
		SolutionGuid = {A24E2205-CD02-486D-82A3-13A73A249F9A}
	EndGlobalSection
EndGlobal
